{
  "version": 4,
  "terraform_version": "1.9.2",
  "serial": 266,
  "lineage": "618d788c-60e1-2ca6-8bde-fd746cad31fd",
  "outputs": {},
  "resources": [
    {
      "mode": "managed",
      "type": "aws_ecr_repository",
      "name": "spicecraft_client",
      "provider": "provider[\"registry.terraform.io/hashicorp/aws\"]",
      "instances": [
        {
          "schema_version": 0,
          "attributes": {
            "arn": "arn:aws:ecr:ap-southeast-2:603763212525:repository/spicecraft-client",
            "encryption_configuration": [
              {
                "encryption_type": "AES256",
                "kms_key": ""
              }
            ],
            "force_delete": null,
            "id": "spicecraft-client",
            "image_scanning_configuration": [
              {
                "scan_on_push": true
              }
            ],
            "image_tag_mutability": "MUTABLE",
            "name": "spicecraft-client",
            "registry_id": "603763212525",
            "repository_url": "603763212525.dkr.ecr.ap-southeast-2.amazonaws.com/spicecraft-client",
            "tags": {
              "Name": "spicecraft-client"
            },
            "tags_all": {
              "Name": "spicecraft-client"
            },
            "timeouts": null
          },
          "sensitive_attributes": [],
          "private": "eyJlMmJmYjczMC1lY2FhLTExZTYtOGY4OC0zNDM2M2JjN2M0YzAiOnsiZGVsZXRlIjoxMjAwMDAwMDAwMDAwfX0="
        }
      ]
    },
    {
      "mode": "managed",
      "type": "aws_ecr_repository",
      "name": "spicecraft_server",
      "provider": "provider[\"registry.terraform.io/hashicorp/aws\"]",
      "instances": [
        {
          "schema_version": 0,
          "attributes": {
            "arn": "arn:aws:ecr:ap-southeast-2:603763212525:repository/spicecraft-server",
            "encryption_configuration": [
              {
                "encryption_type": "AES256",
                "kms_key": ""
              }
            ],
            "force_delete": null,
            "id": "spicecraft-server",
            "image_scanning_configuration": [
              {
                "scan_on_push": true
              }
            ],
            "image_tag_mutability": "MUTABLE",
            "name": "spicecraft-server",
            "registry_id": "603763212525",
            "repository_url": "603763212525.dkr.ecr.ap-southeast-2.amazonaws.com/spicecraft-server",
            "tags": {
              "Name": "spicecraft-server"
            },
            "tags_all": {
              "Name": "spicecraft-server"
            },
            "timeouts": null
          },
          "sensitive_attributes": [],
          "private": "eyJlMmJmYjczMC1lY2FhLTExZTYtOGY4OC0zNDM2M2JjN2M0YzAiOnsiZGVsZXRlIjoxMjAwMDAwMDAwMDAwfX0="
        }
      ]
    }
  ],
  "check_results": null
}
